
Microsoft Visual Studio Solution File, Format Version 12.00
# Visual Studio Version 17
VisualStudioVersion = 17.14.36202.13 d17.14
MinimumVisualStudioVersion = 10.0.40219.1
Project("{FAE04EC0-301F-11D3-BF4B-00C04F79EFBC}") = "UserInterface", "UserInterface\UserInterface.csproj", "{601C2FAE-FCDB-4C52-A376-D7D7757B3944}"
EndProject
Global
	GlobalSection(SolutionConfigurationPlatforms) = preSolution
		Debug|Any CPU = Debug|Any CPU
		Release|Any CPU = Release|Any CPU
	EndGlobalSection
	GlobalSection(ProjectConfigurationPlatforms) = postSolution
		{601C2FAE-FCDB-4C52-A376-D7D7757B3944}.Debug|Any CPU.ActiveCfg = Debug|Any CPU
		{601C2FAE-FCDB-4C52-A376-D7D7757B3944}.Debug|Any CPU.Build.0 = Debug|Any CPU
		{601C2FAE-FCDB-4C52-A376-D7D7757B3944}.Release|Any CPU.ActiveCfg = Release|Any CPU
		{601C2FAE-FCDB-4C52-A376-D7D7757B3944}.Release|Any CPU.Build.0 = Release|Any CPU
	EndGlobalSection
	GlobalSection(SolutionProperties) = preSolution
		HideSolutionNode = FALSE
	EndGlobalSection
	GlobalSection(ExtensibilityGlobals) = postSolution
		SolutionGuid = {67A1B1B0-E545-4D10-B18F-89F5B8F37F96}
	EndGlobalSection
EndGlobal
